
Microsoft Visual Studio Solution File, Format Version 12.00
# Visual Studio Version 17
VisualStudioVersion = 17.14.36811.4
MinimumVisualStudioVersion = 10.0.40219.1
Project("{FAE04EC0-301F-11D3-BF4B-00C04F79EFBC}") = "UnistayWeb.Tests", "UnistayWeb.Tests\UnistayWeb.Tests.csproj", "{C2995CC6-0584-4E4D-A35F-648AE9B2E4F5}"
EndProject
Project("{FAE04EC0-301F-11D3-BF4B-00C04F79EFBC}") = "UnistayWeb.DAL", "UnistayWeb.DAL\UnistayWeb.DAL.csproj", "{A6C0F0DE-8218-4A15-BA28-8DDB29FB3E5A}"
EndProject
Project("{FAE04EC0-301F-11D3-BF4B-00C04F79EFBC}") = "UnistayWeb.BLL", "UnistayWeb.BLL\UnistayWeb.BLL.csproj", "{721E0016-4302-4A1D-8ECD-276F8875FF66}"
EndProject
Project("{FAE04EC0-301F-11D3-BF4B-00C04F79EFBC}") = "UnistayWeb.API", "UnistayWeb.API\UnistayWeb.API.csproj", "{4CD80065-B978-40C3-9605-F604CC59DF2D}"
EndProject
Global
	GlobalSection(SolutionConfigurationPlatforms) = preSolution
		Debug|Any CPU = Debug|Any CPU
		Debug|x64 = Debug|x64
		Debug|x86 = Debug|x86
		Release|Any CPU = Release|Any CPU
		Release|x64 = Release|x64
		Release|x86 = Release|x86
	EndGlobalSection
	GlobalSection(ProjectConfigurationPlatforms) = postSolution
		{C2995CC6-0584-4E4D-A35F-648AE9B2E4F5}.Debug|Any CPU.ActiveCfg = Debug|Any CPU
		{C2995CC6-0584-4E4D-A35F-648AE9B2E4F5}.Debug|Any CPU.Build.0 = Debug|Any CPU
		{C2995CC6-0584-4E4D-A35F-648AE9B2E4F5}.Debug|x64.ActiveCfg = Debug|Any CPU
		{C2995CC6-0584-4E4D-A35F-648AE9B2E4F5}.Debug|x64.Build.0 = Debug|Any CPU
		{C2995CC6-0584-4E4D-A35F-648AE9B2E4F5}.Debug|x86.ActiveCfg = Debug|Any CPU
		{C2995CC6-0584-4E4D-A35F-648AE9B2E4F5}.Debug|x86.Build.0 = Debug|Any CPU
		{C2995CC6-0584-4E4D-A35F-648AE9B2E4F5}.Release|Any CPU.ActiveCfg = Release|Any CPU
		{C2995CC6-0584-4E4D-A35F-648AE9B2E4F5}.Release|Any CPU.Build.0 = Release|Any CPU
		{C2995CC6-0584-4E4D-A35F-648AE9B2E4F5}.Release|x64.ActiveCfg = Release|Any CPU
		{C2995CC6-0584-4E4D-A35F-648AE9B2E4F5}.Release|x64.Build.0 = Release|Any CPU
		{C2995CC6-0584-4E4D-A35F-648AE9B2E4F5}.Release|x86.ActiveCfg = Release|Any CPU
		{C2995CC6-0584-4E4D-A35F-648AE9B2E4F5}.Release|x86.Build.0 = Release|Any CPU
		{A6C0F0DE-8218-4A15-BA28-8DDB29FB3E5A}.Debug|Any CPU.ActiveCfg = Debug|Any CPU
		{A6C0F0DE-8218-4A15-BA28-8DDB29FB3E5A}.Debug|Any CPU.Build.0 = Debug|Any CPU
		{A6C0F0DE-8218-4A15-BA28-8DDB29FB3E5A}.Debug|x64.ActiveCfg = Debug|Any CPU
		{A6C0F0DE-8218-4A15-BA28-8DDB29FB3E5A}.Debug|x64.Build.0 = Debug|Any CPU
		{A6C0F0DE-8218-4A15-BA28-8DDB29FB3E5A}.Debug|x86.ActiveCfg = Debug|Any CPU
		{A6C0F0DE-8218-4A15-BA28-8DDB29FB3E5A}.Debug|x86.Build.0 = Debug|Any CPU
		{A6C0F0DE-8218-4A15-BA28-8DDB29FB3E5A}.Release|Any CPU.ActiveCfg = Release|Any CPU
		{A6C0F0DE-8218-4A15-BA28-8DDB29FB3E5A}.Release|Any CPU.Build.0 = Release|Any CPU
		{A6C0F0DE-8218-4A15-BA28-8DDB29FB3E5A}.Release|x64.ActiveCfg = Release|Any CPU
		{A6C0F0DE-8218-4A15-BA28-8DDB29FB3E5A}.Release|x64.Build.0 = Release|Any CPU
		{A6C0F0DE-8218-4A15-BA28-8DDB29FB3E5A}.Release|x86.ActiveCfg = Release|Any CPU
		{A6C0F0DE-8218-4A15-BA28-8DDB29FB3E5A}.Release|x86.Build.0 = Release|Any CPU
		{721E0016-4302-4A1D-8ECD-276F8875FF66}.Debug|Any CPU.ActiveCfg = Debug|Any CPU
		{721E0016-4302-4A1D-8ECD-276F8875FF66}.Debug|Any CPU.Build.0 = Debug|Any CPU
		{721E0016-4302-4A1D-8ECD-276F8875FF66}.Debug|x64.ActiveCfg = Debug|Any CPU
		{721E0016-4302-4A1D-8ECD-276F8875FF66}.Debug|x64.Build.0 = Debug|Any CPU
		{721E0016-4302-4A1D-8ECD-276F8875FF66}.Debug|x86.ActiveCfg = Debug|Any CPU
		{721E0016-4302-4A1D-8ECD-276F8875FF66}.Debug|x86.Build.0 = Debug|Any CPU
		{721E0016-4302-4A1D-8ECD-276F8875FF66}.Release|Any CPU.ActiveCfg = Release|Any CPU
		{721E0016-4302-4A1D-8ECD-276F8875FF66}.Release|Any CPU.Build.0 = Release|Any CPU
		{721E0016-4302-4A1D-8ECD-276F8875FF66}.Release|x64.ActiveCfg = Release|Any CPU
		{721E0016-4302-4A1D-8ECD-276F8875FF66}.Release|x64.Build.0 = Release|Any CPU
		{721E0016-4302-4A1D-8ECD-276F8875FF66}.Release|x86.ActiveCfg = Release|Any CPU
		{721E0016-4302-4A1D-8ECD-276F8875FF66}.Release|x86.Build.0 = Release|Any CPU
		{4CD80065-B978-40C3-9605-F604CC59DF2D}.Debug|Any CPU.ActiveCfg = Debug|Any CPU
		{4CD80065-B978-40C3-9605-F604CC59DF2D}.Debug|Any CPU.Build.0 = Debug|Any CPU
		{4CD80065-B978-40C3-9605-F604CC59DF2D}.Debug|x64.ActiveCfg = Debug|Any CPU
		{4CD80065-B978-40C3-9605-F604CC59DF2D}.Debug|x64.Build.0 = Debug|Any CPU
		{4CD80065-B978-40C3-9605-F604CC59DF2D}.Debug|x86.ActiveCfg = Debug|Any CPU
		{4CD80065-B978-40C3-9605-F604CC59DF2D}.Debug|x86.Build.0 = Debug|Any CPU
		{4CD80065-B978-40C3-9605-F604CC59DF2D}.Release|Any CPU.ActiveCfg = Release|Any CPU
		{4CD80065-B978-40C3-9605-F604CC59DF2D}.Release|Any CPU.Build.0 = Release|Any CPU
		{4CD80065-B978-40C3-9605-F604CC59DF2D}.Release|x64.ActiveCfg = Release|Any CPU
		{4CD80065-B978-40C3-9605-F604CC59DF2D}.Release|x64.Build.0 = Release|Any CPU
		{4CD80065-B978-40C3-9605-F604CC59DF2D}.Release|x86.ActiveCfg = Release|Any CPU
		{4CD80065-B978-40C3-9605-F604CC59DF2D}.Release|x86.Build.0 = Release|Any CPU
	EndGlobalSection
	GlobalSection(SolutionProperties) = preSolution
		HideSolutionNode = FALSE
	EndGlobalSection
	GlobalSection(ExtensibilityGlobals) = postSolution
		SolutionGuid = {025E67C3-0CF8-4ED9-94B5-82A1C8CF7E09}
	EndGlobalSection
EndGlobal
